
Microsoft Visual Studio Solution File, Format Version 12.00
# Visual Studio 2012
Project("{FAE04EC0-301F-11D3-BF4B-00C04F79EFBC}") = "SickDistanceSensorForm", "SickDistanceSensor\SickDistanceSensorForm.csproj", "{F80CB558-BCE3-4FEA-96BD-B5E4A3E021F7}"
EndProject
Project("{FAE04EC0-301F-11D3-BF4B-00C04F79EFBC}") = "CmdMessenger", "..\CmdMessenger\CmdMessenger.csproj", "{AD9EBC78-D7D1-4F32-9847-E6BF42B73B4A}"
EndProject
Project("{FAE04EC0-301F-11D3-BF4B-00C04F79EFBC}") = "AutoFindComLib", "..\AutoFindComm\AutoFindComLib.csproj", "{1CB87A5B-24EA-46BD-A56E-18E8D87F2F7F}"
EndProject
Project("{FAE04EC0-301F-11D3-BF4B-00C04F79EFBC}") = "SickDistanceSensor", "..\SickDistanceSensor\SickDistanceSensor.csproj", "{7AEDC2D2-124F-4EFE-9358-660459A5E1EE}"
EndProject
Global
	GlobalSection(SolutionConfigurationPlatforms) = preSolution
		Debug|Any CPU = Debug|Any CPU
		Release|Any CPU = Release|Any CPU
	EndGlobalSection
	GlobalSection(ProjectConfigurationPlatforms) = postSolution
		{F80CB558-BCE3-4FEA-96BD-B5E4A3E021F7}.Debug|Any CPU.ActiveCfg = Debug|Any CPU
		{F80CB558-BCE3-4FEA-96BD-B5E4A3E021F7}.Debug|Any CPU.Build.0 = Debug|Any CPU
		{F80CB558-BCE3-4FEA-96BD-B5E4A3E021F7}.Release|Any CPU.ActiveCfg = Release|Any CPU
		{F80CB558-BCE3-4FEA-96BD-B5E4A3E021F7}.Release|Any CPU.Build.0 = Release|Any CPU
		{AD9EBC78-D7D1-4F32-9847-E6BF42B73B4A}.Debug|Any CPU.ActiveCfg = Debug|Any CPU
		{AD9EBC78-D7D1-4F32-9847-E6BF42B73B4A}.Debug|Any CPU.Build.0 = Debug|Any CPU
		{AD9EBC78-D7D1-4F32-9847-E6BF42B73B4A}.Release|Any CPU.ActiveCfg = Release|Any CPU
		{AD9EBC78-D7D1-4F32-9847-E6BF42B73B4A}.Release|Any CPU.Build.0 = Release|Any CPU
		{1CB87A5B-24EA-46BD-A56E-18E8D87F2F7F}.Debug|Any CPU.ActiveCfg = Debug|Any CPU
		{1CB87A5B-24EA-46BD-A56E-18E8D87F2F7F}.Debug|Any CPU.Build.0 = Debug|Any CPU
		{1CB87A5B-24EA-46BD-A56E-18E8D87F2F7F}.Release|Any CPU.ActiveCfg = Release|Any CPU
		{1CB87A5B-24EA-46BD-A56E-18E8D87F2F7F}.Release|Any CPU.Build.0 = Release|Any CPU
		{7AEDC2D2-124F-4EFE-9358-660459A5E1EE}.Debug|Any CPU.ActiveCfg = Debug|Any CPU
		{7AEDC2D2-124F-4EFE-9358-660459A5E1EE}.Debug|Any CPU.Build.0 = Debug|Any CPU
		{7AEDC2D2-124F-4EFE-9358-660459A5E1EE}.Release|Any CPU.ActiveCfg = Release|Any CPU
		{7AEDC2D2-124F-4EFE-9358-660459A5E1EE}.Release|Any CPU.Build.0 = Release|Any CPU
	EndGlobalSection
	GlobalSection(SolutionProperties) = preSolution
		HideSolutionNode = FALSE
	EndGlobalSection
EndGlobal
